# This file was autogenerated by Stack.
# You should not edit this file by hand.
# For more information, please see the documentation at:
#   https://docs.haskellstack.org/en/stable/lock_files

packages:
- completed:
    pantry-tree:
      sha256: b9f9857880bbc3b0411ad65ba43655045dd7d8ef3218406b0af096df9876492c
      size: 934
    hackage: Chart-diagrams-1.9.4@sha256:c04a6f1005aac1d5cdbba9d835cac302e9de4033314c2253a4c4f3b69c5afb4b,1762
  original:
    hackage: Chart-diagrams-1.9.4@sha256:c04a6f1005aac1d5cdbba9d835cac302e9de4033314c2253a4c4f3b69c5afb4b,1762
- completed:
    pantry-tree:
      sha256: 37cc817b4e25365995577f93e294e66df1ecac0bc4b606ebf1d7b32e9da6b95c
      size: 480
    hackage: diagrams-postscript-1.5.1@sha256:f1bd02682105abd7e45f1e70ca24f8fe68b12340ebf026788d3349502b3faf71,2332
  original:
    hackage: diagrams-postscript-1.5.1@sha256:f1bd02682105abd7e45f1e70ca24f8fe68b12340ebf026788d3349502b3faf71,2332
- completed:
    pantry-tree:
      sha256: ca87d3e94d894f421c8164428d48fad4a6ab0b5011e52e1287fa34051382faa3
      size: 273
    hackage: statestack-0.3.1@sha256:3ae02171e0a546efd9dcc9dae358e70f0bbd14be52297422381d00f085321682,1047
  original:
    hackage: statestack-0.3.1@sha256:3ae02171e0a546efd9dcc9dae358e70f0bbd14be52297422381d00f085321682,1047
- completed:
    pantry-tree:
      sha256: 3b4398845ee6718fe2303870a5ab75bd190eb712fed2f22caaae30f790c490fd
      size: 3124
    hackage: optparse-applicative-0.17.0.0@sha256:0713e54cbb341e5cae979e2ac441eb3a5ff42e303001f432bd58c19e5638bdda,4967
  original:
    hackage: optparse-applicative-0.17.0.0@sha256:0713e54cbb341e5cae979e2ac441eb3a5ff42e303001f432bd58c19e5638bdda,4967
- completed:
    pantry-tree:
      sha256: 0a2390ba39c3b84f68e382cb25b58cea66d61a89dab818bb5e2a6c12642e2e21
      size: 472
    hackage: ansi-wl-pprint-0.6.9@sha256:212144ea0623b1170807a4162db05d87f26cf10b334aeadd0edb377aba06a1ce,2425
  original:
    hackage: ansi-wl-pprint-0.6.9@sha256:212144ea0623b1170807a4162db05d87f26cf10b334aeadd0edb377aba06a1ce,2425
- completed:
    pantry-tree:
      sha256: f49610c6a2faf82111e5d4222576f4afbcfa904bf56665232c5aa077dfc7578f
      size: 1724
    hackage: transformers-compat-0.7.2@sha256:044fb9955f63ee138fcebedfdcbe54afe741f2d5892a2d0bdf3a8052bd342643,5601
  original:
    hackage: transformers-compat-0.7.2@sha256:044fb9955f63ee138fcebedfdcbe54afe741f2d5892a2d0bdf3a8052bd342643,5601
- completed:
    pantry-tree:
      sha256: 71d732f3f95c8ddcebaa7645ff743dd91e680b5b5063e8707ef53d2eaf94c94e
      size: 1461
    hackage: ansi-terminal-0.11.3@sha256:cc499d5f4c09a7213cd752ee69dbb5a5b8f3d1c777274e609eea4bca5c68ac8c,3321
  original:
    hackage: ansi-terminal-0.11.3@sha256:cc499d5f4c09a7213cd752ee69dbb5a5b8f3d1c777274e609eea4bca5c68ac8c,3321
- completed:
    pantry-tree:
      sha256: 03f8e22f364deb86098dbfbe0bf83c896437b2355f139abdac0402658fb6ac7e
      size: 1183
    hackage: colour-2.3.6@sha256:ebdcbf15023958838a527e381ab3c3b1e99ed12d1b25efeb7feaa4ad8c37664a,2378
  original:
    hackage: colour-2.3.6@sha256:ebdcbf15023958838a527e381ab3c3b1e99ed12d1b25efeb7feaa4ad8c37664a,2378
- completed:
    pantry-tree:
      sha256: 614bc0cca76937507ea0a5ccc17a504c997ce458d7f2f9e43b15a10c8eaeb033
      size: 226
    hackage: acme-missiles-0.3@sha256:2ba66a092a32593880a87fb00f3213762d7bca65a687d45965778deb8694c5d1,613
  original:
    hackage: acme-missiles-0.3
- completed:
    pantry-tree:
      sha256: 51fbfeff7f01beeaba78985d9416b579f72f29aa266c1af7fe0d09bde0850266
      size: 1506
    hackage: SVGFonts-1.8.0.1@sha256:66a29cebd825bdac6ed1da83bd3a310ba6e8db5d63d6511015d644b9a8ec48b8,3019
  original:
    hackage: SVGFonts-1.8.0.1@sha256:66a29cebd825bdac6ed1da83bd3a310ba6e8db5d63d6511015d644b9a8ec48b8,3019
- completed:
    pantry-tree:
      sha256: e1a52f56ec0cab647ec7af0d75bfbb45f09cccea4a8127996cb7b132bd73bd2c
      size: 279
    hackage: blaze-colonnade-1.2.2.1@sha256:b27601f0366b006e86ee33297a722fe33c94ac058e61d4eace387d132e656a21,1394
  original:
    hackage: blaze-colonnade-1.2.2.1@sha256:b27601f0366b006e86ee33297a722fe33c94ac058e61d4eace387d132e656a21,1394
- completed:
    pantry-tree:
      sha256: 2010fda4c4af2dd9da64786d9e902f387b6a9cb034eb6573d678e752deecc319
      size: 327
    hackage: colonnade-1.2.0.2@sha256:e0b43a1fe4f87072f3f7cd9eaccdb790f7df8ceff5f73c3a4e242aba9337485f,2099
  original:
    hackage: colonnade-1.2.0.2@sha256:e0b43a1fe4f87072f3f7cd9eaccdb790f7df8ceff5f73c3a4e242aba9337485f,2099
- completed:
    pantry-tree:
      sha256: 670806e0af1e31792557a3bc2c4ffe4c39929fea718c3071eb4702c4512c9795
      size: 2018
    hackage: diagrams-core-1.5.0@sha256:8ffd24eb97ce309b41c52e5fa3a8acee5e4063565919eb4d41abb5c219b3d49b,2971
  original:
    hackage: diagrams-core-1.5.0@sha256:8ffd24eb97ce309b41c52e5fa3a8acee5e4063565919eb4d41abb5c219b3d49b,2971
- completed:
    pantry-tree:
      sha256: 0f28dcbf9548f9e7e6a0f76a9fe84a8dff4441f2f122fd2a3573d56962d4afa6
      size: 11604
    hackage: diagrams-lib-1.4.5.1@sha256:20f551cdf4d217edc31c10d40530be5d73a8a7d3bc086102c8c841778670f18b,8233
  original:
    hackage: diagrams-lib-1.4.5.1@sha256:20f551cdf4d217edc31c10d40530be5d73a8a7d3bc086102c8c841778670f18b,8233
- completed:
    pantry-tree:
      sha256: 4bc5c28dc7d92e2b5ae079ac53cb75c04028617f10768f897da7ca1ddc1fd8d6
      size: 475
    hackage: diagrams-svg-1.4.3.1@sha256:9e8edfe5b19c59905830433f77bdd328cb5264f7ecbf823baa213184a415d00f,3117
  original:
    hackage: diagrams-svg-1.4.3.1@sha256:9e8edfe5b19c59905830433f77bdd328cb5264f7ecbf823baa213184a415d00f,3117
- completed:
    pantry-tree:
      sha256: 54a0e2666e9358b2a5fd2a1e61fc894acd6f62643ca36ea06427cdf405934d09
      size: 1187
    hackage: monoid-extras-0.6.1@sha256:294eaeb51e0d047500119131f133bc4a7988f330baa4bb20256995aae3385b33,2220
  original:
    hackage: monoid-extras-0.6.1@sha256:294eaeb51e0d047500119131f133bc4a7988f330baa4bb20256995aae3385b33,2220
- completed:
    pantry-tree:
      sha256: 4082f112e4f3d6363df6d12906b24bdcc9ebd7ac2c683841fac1254324373f8f
      size: 535
    hackage: svg-builder-0.1.1@sha256:825ebc18c4e457efa1bc6ca5f90f5abc80566992e8ffdab6ccb782407a46db32,1569
  original:
    hackage: svg-builder-0.1.1@sha256:825ebc18c4e457efa1bc6ca5f90f5abc80566992e8ffdab6ccb782407a46db32,1569
- completed:
    pantry-tree:
      sha256: 5f2c007588a7e5b2c3500a077cbae93a78c0869f1d2985b0ddcb318285e65def
      size: 1017
    hackage: active-0.2.0.15@sha256:56d95c2205a8e52911bf08784b9958be430036e6ea16521b957c3e27cc71235c,1792
  original:
    hackage: active-0.2.0.15@sha256:56d95c2205a8e52911bf08784b9958be430036e6ea16521b957c3e27cc71235c,1792
- completed:
    pantry-tree:
      sha256: db681941c4b21ef09d6aef232a8424edd2ca08ad8d4480480d9fbbbad78b0e50
      size: 387
    hackage: dual-tree-0.2.3.0@sha256:be4b8ecb2ecef798f88ee569d043f3f19c32f6dd083329cd7cfcb482f0bc6233,2882
  original:
    hackage: dual-tree-0.2.3.0@sha256:be4b8ecb2ecef798f88ee569d043f3f19c32f6dd083329cd7cfcb482f0bc6233,2882
snapshots:
- completed:
    sha256: 428ec8d5ce932190d3cbe266b9eb3c175cd81e984babf876b64019e2cbe4ea68
    size: 590100
    url: https://raw.githubusercontent.com/commercialhaskell/stackage-snapshots/master/lts/18/28.yaml
  original: lts-18.28
